
Microsoft Visual Studio Solution File, Format Version 12.00
# Visual Studio Version 17
VisualStudioVersion = 17.14.36401.2 d17.14
MinimumVisualStudioVersion = 10.0.40219.1
Project("{FAE04EC0-301F-11D3-BF4B-00C04F79EFBC}") = "DaoDucManh", "DaoDucManh\DaoDucManh.csproj", "{75800FB0-A68A-4CCF-AE28-1183F3E7AAC5}"
EndProject
Global
	GlobalSection(SolutionConfigurationPlatforms) = preSolution
		Debug|Any CPU = Debug|Any CPU
		Release|Any CPU = Release|Any CPU
	EndGlobalSection
	GlobalSection(ProjectConfigurationPlatforms) = postSolution
		{75800FB0-A68A-4CCF-AE28-1183F3E7AAC5}.Debug|Any CPU.ActiveCfg = Debug|Any CPU
		{75800FB0-A68A-4CCF-AE28-1183F3E7AAC5}.Debug|Any CPU.Build.0 = Debug|Any CPU
		{75800FB0-A68A-4CCF-AE28-1183F3E7AAC5}.Release|Any CPU.ActiveCfg = Release|Any CPU
		{75800FB0-A68A-4CCF-AE28-1183F3E7AAC5}.Release|Any CPU.Build.0 = Release|Any CPU
	EndGlobalSection
	GlobalSection(SolutionProperties) = preSolution
		HideSolutionNode = FALSE
	EndGlobalSection
	GlobalSection(ExtensibilityGlobals) = postSolution
		SolutionGuid = {24B421DE-E0E3-4037-B26C-78FA9C49070A}
	EndGlobalSection
EndGlobal
